
Microsoft Visual Studio Solution File, Format Version 12.00
# Visual Studio Version 17
VisualStudioVersion = 17.10.35013.160
MinimumVisualStudioVersion = 10.0.40219.1
Project("{FAE04EC0-301F-11D3-BF4B-00C04F79EFBC}") = "TruckLoadingsApp", "TruckLoadingsApp\TruckLoadingsApp.csproj", "{14FE069A-DAAF-4C99-A682-1FE8ACC841FA}"
EndProject
Global
	GlobalSection(SolutionConfigurationPlatforms) = preSolution
		Debug|Any CPU = Debug|Any CPU
		Release|Any CPU = Release|Any CPU
	EndGlobalSection
	GlobalSection(ProjectConfigurationPlatforms) = postSolution
		{14FE069A-DAAF-4C99-A682-1FE8ACC841FA}.Debug|Any CPU.ActiveCfg = Debug|Any CPU
		{14FE069A-DAAF-4C99-A682-1FE8ACC841FA}.Debug|Any CPU.Build.0 = Debug|Any CPU
		{14FE069A-DAAF-4C99-A682-1FE8ACC841FA}.Release|Any CPU.ActiveCfg = Release|Any CPU
		{14FE069A-DAAF-4C99-A682-1FE8ACC841FA}.Release|Any CPU.Build.0 = Release|Any CPU
	EndGlobalSection
	GlobalSection(SolutionProperties) = preSolution
		HideSolutionNode = FALSE
	EndGlobalSection
	GlobalSection(ExtensibilityGlobals) = postSolution
		SolutionGuid = {5FF9E5E8-ED2A-4B10-ACA1-B24C5B3A9BF3}
	EndGlobalSection
EndGlobal
